
Microsoft Visual Studio Solution File, Format Version 12.00
# Visual Studio Version 16
VisualStudioVersion = 16.0.30711.63
MinimumVisualStudioVersion = 10.0.40219.1
Project("{FAE04EC0-301F-11D3-BF4B-00C04F79EFBC}") = "SITConnectAssignment", "SITConnectAssignment\SITConnectAssignment.csproj", "{570B59C2-52BE-41EE-9903-5B6400F7602C}"
EndProject
Global
	GlobalSection(SolutionConfigurationPlatforms) = preSolution
		Debug|Any CPU = Debug|Any CPU
		Release|Any CPU = Release|Any CPU
	EndGlobalSection
	GlobalSection(ProjectConfigurationPlatforms) = postSolution
		{570B59C2-52BE-41EE-9903-5B6400F7602C}.Debug|Any CPU.ActiveCfg = Debug|Any CPU
		{570B59C2-52BE-41EE-9903-5B6400F7602C}.Debug|Any CPU.Build.0 = Debug|Any CPU
		{570B59C2-52BE-41EE-9903-5B6400F7602C}.Release|Any CPU.ActiveCfg = Release|Any CPU
		{570B59C2-52BE-41EE-9903-5B6400F7602C}.Release|Any CPU.Build.0 = Release|Any CPU
	EndGlobalSection
	GlobalSection(SolutionProperties) = preSolution
		HideSolutionNode = FALSE
	EndGlobalSection
	GlobalSection(ExtensibilityGlobals) = postSolution
		SolutionGuid = {4FB44D2F-B857-46B8-A3EF-55289D10C620}
	EndGlobalSection
EndGlobal
